
Microsoft Visual Studio Solution File, Format Version 12.00
# Visual Studio 15
VisualStudioVersion = 15.0.27130.2020
MinimumVisualStudioVersion = 10.0.40219.1
Project("{FAE04EC0-301F-11D3-BF4B-00C04F79EFBC}") = "Logging", "Logging\Logging.csproj", "{658D16F2-7EE5-4535-A2AA-325F25C0AF16}"
EndProject
Project("{FAE04EC0-301F-11D3-BF4B-00C04F79EFBC}") = "LoggingTest", "LoggingTest\LoggingTest.csproj", "{189E6DB4-CAEC-4A5C-BDF1-1AC0FD923973}"
EndProject
Project("{2150E333-8FDC-42A3-9474-1A3956D46DE8}") = "Solution", "Solution", "{A0F758B6-457C-401B-A81E-0C7736B848BD}"
	ProjectSection(SolutionItems) = preProject
		ApplyVersionToAssemblies.ps1 = ApplyVersionToAssemblies.ps1
		Nuget.Config = Nuget.Config
	EndProjectSection
EndProject
Global
	GlobalSection(SolutionConfigurationPlatforms) = preSolution
		Debug|Any CPU = Debug|Any CPU
		Release|Any CPU = Release|Any CPU
	EndGlobalSection
	GlobalSection(ProjectConfigurationPlatforms) = postSolution
		{658D16F2-7EE5-4535-A2AA-325F25C0AF16}.Debug|Any CPU.ActiveCfg = Debug|Any CPU
		{658D16F2-7EE5-4535-A2AA-325F25C0AF16}.Debug|Any CPU.Build.0 = Debug|Any CPU
		{658D16F2-7EE5-4535-A2AA-325F25C0AF16}.Release|Any CPU.ActiveCfg = Release|Any CPU
		{658D16F2-7EE5-4535-A2AA-325F25C0AF16}.Release|Any CPU.Build.0 = Release|Any CPU
		{189E6DB4-CAEC-4A5C-BDF1-1AC0FD923973}.Debug|Any CPU.ActiveCfg = Debug|Any CPU
		{189E6DB4-CAEC-4A5C-BDF1-1AC0FD923973}.Debug|Any CPU.Build.0 = Debug|Any CPU
		{189E6DB4-CAEC-4A5C-BDF1-1AC0FD923973}.Release|Any CPU.ActiveCfg = Release|Any CPU
		{189E6DB4-CAEC-4A5C-BDF1-1AC0FD923973}.Release|Any CPU.Build.0 = Release|Any CPU
	EndGlobalSection
	GlobalSection(SolutionProperties) = preSolution
		HideSolutionNode = FALSE
	EndGlobalSection
	GlobalSection(ExtensibilityGlobals) = postSolution
		SolutionGuid = {64CAAAA8-3D3F-412E-ACDA-FC2CB7AAC98C}
	EndGlobalSection
EndGlobal
